
Microsoft Visual Studio Solution File, Format Version 12.00
# Visual Studio Version 17
VisualStudioVersion = 17.12.35707.178
MinimumVisualStudioVersion = 10.0.40219.1
Project("{FAE04EC0-301F-11D3-BF4B-00C04F79EFBC}") = "DAL21", "DAL21\DAL21.csproj", "{C56DE405-538D-4A15-A834-31CC6881EB49}"
EndProject
Project("{FAE04EC0-301F-11D3-BF4B-00C04F79EFBC}") = "Test_DAL21", "Test_DAL21\Test_DAL21.csproj", "{43E354EB-AFE0-41D7-BB52-A5E792A7109C}"
EndProject
Project("{FAE04EC0-301F-11D3-BF4B-00C04F79EFBC}") = "DAL21_JSON", "DAL21_JSON\DAL21_JSON.csproj", "{E34D9BC4-3527-4130-BC12-3DAF57F39262}"
EndProject
Project("{FAE04EC0-301F-11D3-BF4B-00C04F79EFBC}") = "TEST_DAL21_JSON", "TEST_DAL21_JSON\TEST_DAL21_JSON.csproj", "{54712E8C-5C3B-450F-9D89-62043326352F}"
EndProject
Project("{FAE04EC0-301F-11D3-BF4B-00C04F79EFBC}") = "REPO", "REPO\REPO.csproj", "{8327544F-10BD-4519-BAB6-40EE8694843D}"
EndProject
Project("{FAE04EC0-301F-11D3-BF4B-00C04F79EFBC}") = "DASMLQLX", "DASMLQLX\DASMLQLX.csproj", "{9948DA82-4B98-4D13-A065-A1761E988CEC}"
EndProject
Project("{FAE04EC0-301F-11D3-BF4B-00C04F79EFBC}") = "Test_DALMSSQLX", "Test_DALMSSQLX\Test_DALMSSQLX.csproj", "{4F78695E-FBFC-43AB-9B98-2E84549D109C}"
EndProject
Project("{FAE04EC0-301F-11D3-BF4B-00C04F79EFBC}") = "DALJSONX", "DALJSONX\DALJSONX.csproj", "{0F69C3E8-316C-4C9F-8C67-52CF0F4593B2}"
EndProject
Project("{FAE04EC0-301F-11D3-BF4B-00C04F79EFBC}") = "Test_DALJSONX", "Test_DALJSONX\Test_DALJSONX.csproj", "{E3472578-BA01-4360-B577-9E123A7A011F}"
EndProject
Project("{FAE04EC0-301F-11D3-BF4B-00C04F79EFBC}") = "Test_XX", "Test_XX\Test_XX.csproj", "{7E5AB7E7-AE2F-4D22-A9CC-0D0C7A0D22EC}"
EndProject
Project("{FAE04EC0-301F-11D3-BF4B-00C04F79EFBC}") = "GREPO", "GREPO\GREPO.csproj", "{7295BEE3-D966-45E8-8A0A-10444C50EE53}"
EndProject
Project("{FAE04EC0-301F-11D3-BF4B-00C04F79EFBC}") = "DALMSQLXG", "DALMSQLXG\DALMSQLXG.csproj", "{F8E9A2BD-2D2A-4BB2-A174-B989E1A843BC}"
EndProject
Project("{FAE04EC0-301F-11D3-BF4B-00C04F79EFBC}") = "DALJSONXG", "DALJSONXG\DALJSONXG.csproj", "{D0DB1662-74E5-47B5-A52F-2B25D7EB8AE0}"
EndProject
Project("{FAE04EC0-301F-11D3-BF4B-00C04F79EFBC}") = "TEST_DALJSONXG", "TEST_DALJSONXG\TEST_DALJSONXG.csproj", "{4B37AA80-70C7-4177-AC61-AEC73BF6FB98}"
EndProject
Project("{FAE04EC0-301F-11D3-BF4B-00C04F79EFBC}") = "Test_DALMSQLXG", "Test_DALMSQLXG\Test_DALMSQLXG.csproj", "{D808C11F-BF04-445A-9AE9-C4AB1BCE2EF4}"
EndProject
Global
	GlobalSection(SolutionConfigurationPlatforms) = preSolution
		Debug|Any CPU = Debug|Any CPU
		Release|Any CPU = Release|Any CPU
	EndGlobalSection
	GlobalSection(ProjectConfigurationPlatforms) = postSolution
		{C56DE405-538D-4A15-A834-31CC6881EB49}.Debug|Any CPU.ActiveCfg = Debug|Any CPU
		{C56DE405-538D-4A15-A834-31CC6881EB49}.Debug|Any CPU.Build.0 = Debug|Any CPU
		{C56DE405-538D-4A15-A834-31CC6881EB49}.Release|Any CPU.ActiveCfg = Release|Any CPU
		{C56DE405-538D-4A15-A834-31CC6881EB49}.Release|Any CPU.Build.0 = Release|Any CPU
		{43E354EB-AFE0-41D7-BB52-A5E792A7109C}.Debug|Any CPU.ActiveCfg = Debug|Any CPU
		{43E354EB-AFE0-41D7-BB52-A5E792A7109C}.Debug|Any CPU.Build.0 = Debug|Any CPU
		{43E354EB-AFE0-41D7-BB52-A5E792A7109C}.Release|Any CPU.ActiveCfg = Release|Any CPU
		{43E354EB-AFE0-41D7-BB52-A5E792A7109C}.Release|Any CPU.Build.0 = Release|Any CPU
		{E34D9BC4-3527-4130-BC12-3DAF57F39262}.Debug|Any CPU.ActiveCfg = Debug|Any CPU
		{E34D9BC4-3527-4130-BC12-3DAF57F39262}.Debug|Any CPU.Build.0 = Debug|Any CPU
		{E34D9BC4-3527-4130-BC12-3DAF57F39262}.Release|Any CPU.ActiveCfg = Release|Any CPU
		{E34D9BC4-3527-4130-BC12-3DAF57F39262}.Release|Any CPU.Build.0 = Release|Any CPU
		{54712E8C-5C3B-450F-9D89-62043326352F}.Debug|Any CPU.ActiveCfg = Debug|Any CPU
		{54712E8C-5C3B-450F-9D89-62043326352F}.Debug|Any CPU.Build.0 = Debug|Any CPU
		{54712E8C-5C3B-450F-9D89-62043326352F}.Release|Any CPU.ActiveCfg = Release|Any CPU
		{54712E8C-5C3B-450F-9D89-62043326352F}.Release|Any CPU.Build.0 = Release|Any CPU
		{8327544F-10BD-4519-BAB6-40EE8694843D}.Debug|Any CPU.ActiveCfg = Debug|Any CPU
		{8327544F-10BD-4519-BAB6-40EE8694843D}.Debug|Any CPU.Build.0 = Debug|Any CPU
		{8327544F-10BD-4519-BAB6-40EE8694843D}.Release|Any CPU.ActiveCfg = Release|Any CPU
		{8327544F-10BD-4519-BAB6-40EE8694843D}.Release|Any CPU.Build.0 = Release|Any CPU
		{9948DA82-4B98-4D13-A065-A1761E988CEC}.Debug|Any CPU.ActiveCfg = Debug|Any CPU
		{9948DA82-4B98-4D13-A065-A1761E988CEC}.Debug|Any CPU.Build.0 = Debug|Any CPU
		{9948DA82-4B98-4D13-A065-A1761E988CEC}.Release|Any CPU.ActiveCfg = Release|Any CPU
		{9948DA82-4B98-4D13-A065-A1761E988CEC}.Release|Any CPU.Build.0 = Release|Any CPU
		{4F78695E-FBFC-43AB-9B98-2E84549D109C}.Debug|Any CPU.ActiveCfg = Debug|Any CPU
		{4F78695E-FBFC-43AB-9B98-2E84549D109C}.Debug|Any CPU.Build.0 = Debug|Any CPU
		{4F78695E-FBFC-43AB-9B98-2E84549D109C}.Release|Any CPU.ActiveCfg = Release|Any CPU
		{4F78695E-FBFC-43AB-9B98-2E84549D109C}.Release|Any CPU.Build.0 = Release|Any CPU
		{0F69C3E8-316C-4C9F-8C67-52CF0F4593B2}.Debug|Any CPU.ActiveCfg = Debug|Any CPU
		{0F69C3E8-316C-4C9F-8C67-52CF0F4593B2}.Debug|Any CPU.Build.0 = Debug|Any CPU
		{0F69C3E8-316C-4C9F-8C67-52CF0F4593B2}.Release|Any CPU.ActiveCfg = Release|Any CPU
		{0F69C3E8-316C-4C9F-8C67-52CF0F4593B2}.Release|Any CPU.Build.0 = Release|Any CPU
		{E3472578-BA01-4360-B577-9E123A7A011F}.Debug|Any CPU.ActiveCfg = Debug|Any CPU
		{E3472578-BA01-4360-B577-9E123A7A011F}.Debug|Any CPU.Build.0 = Debug|Any CPU
		{E3472578-BA01-4360-B577-9E123A7A011F}.Release|Any CPU.ActiveCfg = Release|Any CPU
		{E3472578-BA01-4360-B577-9E123A7A011F}.Release|Any CPU.Build.0 = Release|Any CPU
		{7E5AB7E7-AE2F-4D22-A9CC-0D0C7A0D22EC}.Debug|Any CPU.ActiveCfg = Debug|Any CPU
		{7E5AB7E7-AE2F-4D22-A9CC-0D0C7A0D22EC}.Debug|Any CPU.Build.0 = Debug|Any CPU
		{7E5AB7E7-AE2F-4D22-A9CC-0D0C7A0D22EC}.Release|Any CPU.ActiveCfg = Release|Any CPU
		{7E5AB7E7-AE2F-4D22-A9CC-0D0C7A0D22EC}.Release|Any CPU.Build.0 = Release|Any CPU
		{7295BEE3-D966-45E8-8A0A-10444C50EE53}.Debug|Any CPU.ActiveCfg = Debug|Any CPU
		{7295BEE3-D966-45E8-8A0A-10444C50EE53}.Debug|Any CPU.Build.0 = Debug|Any CPU
		{7295BEE3-D966-45E8-8A0A-10444C50EE53}.Release|Any CPU.ActiveCfg = Release|Any CPU
		{7295BEE3-D966-45E8-8A0A-10444C50EE53}.Release|Any CPU.Build.0 = Release|Any CPU
		{F8E9A2BD-2D2A-4BB2-A174-B989E1A843BC}.Debug|Any CPU.ActiveCfg = Debug|Any CPU
		{F8E9A2BD-2D2A-4BB2-A174-B989E1A843BC}.Debug|Any CPU.Build.0 = Debug|Any CPU
		{F8E9A2BD-2D2A-4BB2-A174-B989E1A843BC}.Release|Any CPU.ActiveCfg = Release|Any CPU
		{F8E9A2BD-2D2A-4BB2-A174-B989E1A843BC}.Release|Any CPU.Build.0 = Release|Any CPU
		{D0DB1662-74E5-47B5-A52F-2B25D7EB8AE0}.Debug|Any CPU.ActiveCfg = Debug|Any CPU
		{D0DB1662-74E5-47B5-A52F-2B25D7EB8AE0}.Debug|Any CPU.Build.0 = Debug|Any CPU
		{D0DB1662-74E5-47B5-A52F-2B25D7EB8AE0}.Release|Any CPU.ActiveCfg = Release|Any CPU
		{D0DB1662-74E5-47B5-A52F-2B25D7EB8AE0}.Release|Any CPU.Build.0 = Release|Any CPU
		{4B37AA80-70C7-4177-AC61-AEC73BF6FB98}.Debug|Any CPU.ActiveCfg = Debug|Any CPU
		{4B37AA80-70C7-4177-AC61-AEC73BF6FB98}.Debug|Any CPU.Build.0 = Debug|Any CPU
		{4B37AA80-70C7-4177-AC61-AEC73BF6FB98}.Release|Any CPU.ActiveCfg = Release|Any CPU
		{4B37AA80-70C7-4177-AC61-AEC73BF6FB98}.Release|Any CPU.Build.0 = Release|Any CPU
		{D808C11F-BF04-445A-9AE9-C4AB1BCE2EF4}.Debug|Any CPU.ActiveCfg = Debug|Any CPU
		{D808C11F-BF04-445A-9AE9-C4AB1BCE2EF4}.Debug|Any CPU.Build.0 = Debug|Any CPU
		{D808C11F-BF04-445A-9AE9-C4AB1BCE2EF4}.Release|Any CPU.ActiveCfg = Release|Any CPU
		{D808C11F-BF04-445A-9AE9-C4AB1BCE2EF4}.Release|Any CPU.Build.0 = Release|Any CPU
	EndGlobalSection
	GlobalSection(SolutionProperties) = preSolution
		HideSolutionNode = FALSE
	EndGlobalSection
EndGlobal
