
Microsoft Visual Studio Solution File, Format Version 12.00
# Visual Studio Version 17
VisualStudioVersion = 17.11.35222.181
MinimumVisualStudioVersion = 10.0.40219.1
Project("{FAE04EC0-301F-11D3-BF4B-00C04F79EFBC}") = "App9", "App9\App9.csproj", "{AC3B6656-432F-48A4-8C1E-67CEDBB6E5AC}"
EndProject
Project("{FAE04EC0-301F-11D3-BF4B-00C04F79EFBC}") = "App9.2", "App9.2\App9.2.csproj", "{29CAB189-0FB2-462F-997F-37F90A0B46C0}"
EndProject
Project("{FAE04EC0-301F-11D3-BF4B-00C04F79EFBC}") = "App9.3", "App9.3\App9.3.csproj", "{CB06E49E-2BD6-4DF6-A12B-E152F33C1C41}"
EndProject
Global
	GlobalSection(SolutionConfigurationPlatforms) = preSolution
		Debug|Any CPU = Debug|Any CPU
		Release|Any CPU = Release|Any CPU
	EndGlobalSection
	GlobalSection(ProjectConfigurationPlatforms) = postSolution
		{AC3B6656-432F-48A4-8C1E-67CEDBB6E5AC}.Debug|Any CPU.ActiveCfg = Debug|Any CPU
		{AC3B6656-432F-48A4-8C1E-67CEDBB6E5AC}.Debug|Any CPU.Build.0 = Debug|Any CPU
		{AC3B6656-432F-48A4-8C1E-67CEDBB6E5AC}.Release|Any CPU.ActiveCfg = Release|Any CPU
		{AC3B6656-432F-48A4-8C1E-67CEDBB6E5AC}.Release|Any CPU.Build.0 = Release|Any CPU
		{29CAB189-0FB2-462F-997F-37F90A0B46C0}.Debug|Any CPU.ActiveCfg = Debug|Any CPU
		{29CAB189-0FB2-462F-997F-37F90A0B46C0}.Debug|Any CPU.Build.0 = Debug|Any CPU
		{29CAB189-0FB2-462F-997F-37F90A0B46C0}.Release|Any CPU.ActiveCfg = Release|Any CPU
		{29CAB189-0FB2-462F-997F-37F90A0B46C0}.Release|Any CPU.Build.0 = Release|Any CPU
		{CB06E49E-2BD6-4DF6-A12B-E152F33C1C41}.Debug|Any CPU.ActiveCfg = Debug|Any CPU
		{CB06E49E-2BD6-4DF6-A12B-E152F33C1C41}.Debug|Any CPU.Build.0 = Debug|Any CPU
		{CB06E49E-2BD6-4DF6-A12B-E152F33C1C41}.Release|Any CPU.ActiveCfg = Release|Any CPU
		{CB06E49E-2BD6-4DF6-A12B-E152F33C1C41}.Release|Any CPU.Build.0 = Release|Any CPU
	EndGlobalSection
	GlobalSection(SolutionProperties) = preSolution
		HideSolutionNode = FALSE
	EndGlobalSection
	GlobalSection(ExtensibilityGlobals) = postSolution
		SolutionGuid = {F59196AF-0891-4864-B944-CC87B141F21C}
	EndGlobalSection
EndGlobal
