
Microsoft Visual Studio Solution File, Format Version 12.00
# Visual Studio Version 17
VisualStudioVersion = 17.12.35527.113
MinimumVisualStudioVersion = 10.0.40219.1
Project("{FAE04EC0-301F-11D3-BF4B-00C04F79EFBC}") = "DBLevel", "DBLevel\DBLevel.csproj", "{DACC32D3-3350-4062-B46E-E32F59E1D9D7}"
EndProject
Project("{FAE04EC0-301F-11D3-BF4B-00C04F79EFBC}") = "Test_DBLevel", "Test_DBLevel\Test_DBLevel.csproj", "{FDDC5A54-D04F-47C3-B05F-7AA35898C8BF}"
EndProject
Project("{FAE04EC0-301F-11D3-BF4B-00C04F79EFBC}") = "DAL_12_JSON", "DAL_12_JSON\DAL_12_JSON.csproj", "{ACA94E8C-27F3-4C9B-B772-46E2B66548AF}"
EndProject
Project("{FAE04EC0-301F-11D3-BF4B-00C04F79EFBC}") = "TEST_DAL_12_JSON", "TEST_DAL_12_JSON\TEST_DAL_12_JSON.csproj", "{700A911D-B89E-460C-AAF7-1A203C873468}"
EndProject
Project("{FAE04EC0-301F-11D3-BF4B-00C04F79EFBC}") = "REPO", "REPO\REPO.csproj", "{1A8501CC-16B2-416C-84E4-BF5D6242DF39}"
EndProject
Project("{FAE04EC0-301F-11D3-BF4B-00C04F79EFBC}") = "DALMSQLX", "DALMSQLX\DALMSQLX.csproj", "{896AC2CE-8BE1-4A39-AC72-8A5C56065DE3}"
EndProject
Project("{FAE04EC0-301F-11D3-BF4B-00C04F79EFBC}") = "TEST_DALMSQLX", "TEST_DALMSQLX\TEST_DALMSQLX.csproj", "{7DE45B57-F9EC-45B6-94C5-3DD00CF6ECB7}"
EndProject
Project("{FAE04EC0-301F-11D3-BF4B-00C04F79EFBC}") = "DALJSONX", "DALJSONX\DALJSONX.csproj", "{A140980F-C0CA-4EA2-AC86-061721B5C710}"
EndProject
Project("{FAE04EC0-301F-11D3-BF4B-00C04F79EFBC}") = "TEST_DALJSONX", "TEST_DALJSONX\TEST_DALJSONX.csproj", "{A6177CE1-9F45-4A34-BAD3-620A3C97784E}"
EndProject
Project("{FAE04EC0-301F-11D3-BF4B-00C04F79EFBC}") = "TEST_XX", "TEST_XX\TEST_XX.csproj", "{AF1D60F3-4D1B-4461-BEDD-598C019BBDA5}"
EndProject
Project("{FAE04EC0-301F-11D3-BF4B-00C04F79EFBC}") = "GREPO", "GREPO\GREPO.csproj", "{88D4C569-D963-4C46-88A4-922D84390D39}"
EndProject
Project("{FAE04EC0-301F-11D3-BF4B-00C04F79EFBC}") = "DALMSQLXG", "DALMSQLXG\DALMSQLXG.csproj", "{2C7206B2-65C6-4DC3-BA26-FFB459F8FD27}"
EndProject
Project("{FAE04EC0-301F-11D3-BF4B-00C04F79EFBC}") = "TEST_DALMSQLXG", "TEST_DALMSQLXG\TEST_DALMSQLXG.csproj", "{9798CC71-A1B7-4160-8B68-72877543DF46}"
EndProject
Project("{FAE04EC0-301F-11D3-BF4B-00C04F79EFBC}") = "DALJSONXG", "DALJSONXG\DALJSONXG.csproj", "{8B899A6B-EC13-4B32-91D8-662FF99C9508}"
EndProject
Project("{FAE04EC0-301F-11D3-BF4B-00C04F79EFBC}") = "TEST_DALJSONXG", "TEST_DALJSONXG\TEST_DALJSONXG.csproj", "{7DE55F6B-E311-4B79-8A76-7CABD13E7D27}"
EndProject
Global
	GlobalSection(SolutionConfigurationPlatforms) = preSolution
		Debug|Any CPU = Debug|Any CPU
		Release|Any CPU = Release|Any CPU
	EndGlobalSection
	GlobalSection(ProjectConfigurationPlatforms) = postSolution
		{DACC32D3-3350-4062-B46E-E32F59E1D9D7}.Debug|Any CPU.ActiveCfg = Debug|Any CPU
		{DACC32D3-3350-4062-B46E-E32F59E1D9D7}.Debug|Any CPU.Build.0 = Debug|Any CPU
		{DACC32D3-3350-4062-B46E-E32F59E1D9D7}.Release|Any CPU.ActiveCfg = Release|Any CPU
		{DACC32D3-3350-4062-B46E-E32F59E1D9D7}.Release|Any CPU.Build.0 = Release|Any CPU
		{FDDC5A54-D04F-47C3-B05F-7AA35898C8BF}.Debug|Any CPU.ActiveCfg = Debug|Any CPU
		{FDDC5A54-D04F-47C3-B05F-7AA35898C8BF}.Debug|Any CPU.Build.0 = Debug|Any CPU
		{FDDC5A54-D04F-47C3-B05F-7AA35898C8BF}.Release|Any CPU.ActiveCfg = Release|Any CPU
		{FDDC5A54-D04F-47C3-B05F-7AA35898C8BF}.Release|Any CPU.Build.0 = Release|Any CPU
		{ACA94E8C-27F3-4C9B-B772-46E2B66548AF}.Debug|Any CPU.ActiveCfg = Debug|Any CPU
		{ACA94E8C-27F3-4C9B-B772-46E2B66548AF}.Debug|Any CPU.Build.0 = Debug|Any CPU
		{ACA94E8C-27F3-4C9B-B772-46E2B66548AF}.Release|Any CPU.ActiveCfg = Release|Any CPU
		{ACA94E8C-27F3-4C9B-B772-46E2B66548AF}.Release|Any CPU.Build.0 = Release|Any CPU
		{700A911D-B89E-460C-AAF7-1A203C873468}.Debug|Any CPU.ActiveCfg = Debug|Any CPU
		{700A911D-B89E-460C-AAF7-1A203C873468}.Debug|Any CPU.Build.0 = Debug|Any CPU
		{700A911D-B89E-460C-AAF7-1A203C873468}.Release|Any CPU.ActiveCfg = Release|Any CPU
		{700A911D-B89E-460C-AAF7-1A203C873468}.Release|Any CPU.Build.0 = Release|Any CPU
		{1A8501CC-16B2-416C-84E4-BF5D6242DF39}.Debug|Any CPU.ActiveCfg = Debug|Any CPU
		{1A8501CC-16B2-416C-84E4-BF5D6242DF39}.Debug|Any CPU.Build.0 = Debug|Any CPU
		{1A8501CC-16B2-416C-84E4-BF5D6242DF39}.Release|Any CPU.ActiveCfg = Release|Any CPU
		{1A8501CC-16B2-416C-84E4-BF5D6242DF39}.Release|Any CPU.Build.0 = Release|Any CPU
		{896AC2CE-8BE1-4A39-AC72-8A5C56065DE3}.Debug|Any CPU.ActiveCfg = Debug|Any CPU
		{896AC2CE-8BE1-4A39-AC72-8A5C56065DE3}.Debug|Any CPU.Build.0 = Debug|Any CPU
		{896AC2CE-8BE1-4A39-AC72-8A5C56065DE3}.Release|Any CPU.ActiveCfg = Release|Any CPU
		{896AC2CE-8BE1-4A39-AC72-8A5C56065DE3}.Release|Any CPU.Build.0 = Release|Any CPU
		{7DE45B57-F9EC-45B6-94C5-3DD00CF6ECB7}.Debug|Any CPU.ActiveCfg = Debug|Any CPU
		{7DE45B57-F9EC-45B6-94C5-3DD00CF6ECB7}.Debug|Any CPU.Build.0 = Debug|Any CPU
		{7DE45B57-F9EC-45B6-94C5-3DD00CF6ECB7}.Release|Any CPU.ActiveCfg = Release|Any CPU
		{7DE45B57-F9EC-45B6-94C5-3DD00CF6ECB7}.Release|Any CPU.Build.0 = Release|Any CPU
		{A140980F-C0CA-4EA2-AC86-061721B5C710}.Debug|Any CPU.ActiveCfg = Debug|Any CPU
		{A140980F-C0CA-4EA2-AC86-061721B5C710}.Debug|Any CPU.Build.0 = Debug|Any CPU
		{A140980F-C0CA-4EA2-AC86-061721B5C710}.Release|Any CPU.ActiveCfg = Release|Any CPU
		{A140980F-C0CA-4EA2-AC86-061721B5C710}.Release|Any CPU.Build.0 = Release|Any CPU
		{A6177CE1-9F45-4A34-BAD3-620A3C97784E}.Debug|Any CPU.ActiveCfg = Debug|Any CPU
		{A6177CE1-9F45-4A34-BAD3-620A3C97784E}.Debug|Any CPU.Build.0 = Debug|Any CPU
		{A6177CE1-9F45-4A34-BAD3-620A3C97784E}.Release|Any CPU.ActiveCfg = Release|Any CPU
		{A6177CE1-9F45-4A34-BAD3-620A3C97784E}.Release|Any CPU.Build.0 = Release|Any CPU
		{AF1D60F3-4D1B-4461-BEDD-598C019BBDA5}.Debug|Any CPU.ActiveCfg = Debug|Any CPU
		{AF1D60F3-4D1B-4461-BEDD-598C019BBDA5}.Debug|Any CPU.Build.0 = Debug|Any CPU
		{AF1D60F3-4D1B-4461-BEDD-598C019BBDA5}.Release|Any CPU.ActiveCfg = Release|Any CPU
		{AF1D60F3-4D1B-4461-BEDD-598C019BBDA5}.Release|Any CPU.Build.0 = Release|Any CPU
		{88D4C569-D963-4C46-88A4-922D84390D39}.Debug|Any CPU.ActiveCfg = Debug|Any CPU
		{88D4C569-D963-4C46-88A4-922D84390D39}.Debug|Any CPU.Build.0 = Debug|Any CPU
		{88D4C569-D963-4C46-88A4-922D84390D39}.Release|Any CPU.ActiveCfg = Release|Any CPU
		{88D4C569-D963-4C46-88A4-922D84390D39}.Release|Any CPU.Build.0 = Release|Any CPU
		{2C7206B2-65C6-4DC3-BA26-FFB459F8FD27}.Debug|Any CPU.ActiveCfg = Debug|Any CPU
		{2C7206B2-65C6-4DC3-BA26-FFB459F8FD27}.Debug|Any CPU.Build.0 = Debug|Any CPU
		{2C7206B2-65C6-4DC3-BA26-FFB459F8FD27}.Release|Any CPU.ActiveCfg = Release|Any CPU
		{2C7206B2-65C6-4DC3-BA26-FFB459F8FD27}.Release|Any CPU.Build.0 = Release|Any CPU
		{9798CC71-A1B7-4160-8B68-72877543DF46}.Debug|Any CPU.ActiveCfg = Debug|Any CPU
		{9798CC71-A1B7-4160-8B68-72877543DF46}.Debug|Any CPU.Build.0 = Debug|Any CPU
		{9798CC71-A1B7-4160-8B68-72877543DF46}.Release|Any CPU.ActiveCfg = Release|Any CPU
		{9798CC71-A1B7-4160-8B68-72877543DF46}.Release|Any CPU.Build.0 = Release|Any CPU
		{8B899A6B-EC13-4B32-91D8-662FF99C9508}.Debug|Any CPU.ActiveCfg = Debug|Any CPU
		{8B899A6B-EC13-4B32-91D8-662FF99C9508}.Debug|Any CPU.Build.0 = Debug|Any CPU
		{8B899A6B-EC13-4B32-91D8-662FF99C9508}.Release|Any CPU.ActiveCfg = Release|Any CPU
		{8B899A6B-EC13-4B32-91D8-662FF99C9508}.Release|Any CPU.Build.0 = Release|Any CPU
		{7DE55F6B-E311-4B79-8A76-7CABD13E7D27}.Debug|Any CPU.ActiveCfg = Debug|Any CPU
		{7DE55F6B-E311-4B79-8A76-7CABD13E7D27}.Debug|Any CPU.Build.0 = Debug|Any CPU
		{7DE55F6B-E311-4B79-8A76-7CABD13E7D27}.Release|Any CPU.ActiveCfg = Release|Any CPU
		{7DE55F6B-E311-4B79-8A76-7CABD13E7D27}.Release|Any CPU.Build.0 = Release|Any CPU
	EndGlobalSection
	GlobalSection(SolutionProperties) = preSolution
		HideSolutionNode = FALSE
	EndGlobalSection
EndGlobal
