
Microsoft Visual Studio Solution File, Format Version 12.00
# Visual Studio Version 17
VisualStudioVersion = 17.11.35222.181
MinimumVisualStudioVersion = 10.0.40219.1
Project("{FAE04EC0-301F-11D3-BF4B-00C04F79EFBC}") = "App3", "App3\App3.csproj", "{99A246E5-F21C-41FD-8036-F10319891A0F}"
EndProject
Global
	GlobalSection(SolutionConfigurationPlatforms) = preSolution
		Debug|Any CPU = Debug|Any CPU
		Release|Any CPU = Release|Any CPU
	EndGlobalSection
	GlobalSection(ProjectConfigurationPlatforms) = postSolution
		{99A246E5-F21C-41FD-8036-F10319891A0F}.Debug|Any CPU.ActiveCfg = Debug|Any CPU
		{99A246E5-F21C-41FD-8036-F10319891A0F}.Debug|Any CPU.Build.0 = Debug|Any CPU
		{99A246E5-F21C-41FD-8036-F10319891A0F}.Release|Any CPU.ActiveCfg = Release|Any CPU
		{99A246E5-F21C-41FD-8036-F10319891A0F}.Release|Any CPU.Build.0 = Release|Any CPU
	EndGlobalSection
	GlobalSection(SolutionProperties) = preSolution
		HideSolutionNode = FALSE
	EndGlobalSection
	GlobalSection(ExtensibilityGlobals) = postSolution
		SolutionGuid = {61EE5381-F582-4F62-9071-61FEA9A8F997}
	EndGlobalSection
EndGlobal
